
Microsoft Visual Studio Solution File, Format Version 12.00
# Visual Studio Version 17
VisualStudioVersion = 17.12.35527.113 d17.12
MinimumVisualStudioVersion = 10.0.40219.1
Project("{FAE04EC0-301F-11D3-BF4B-00C04F79EFBC}") = "Mohab.Presentation", "WinFormsApp1\Mohab.Presentation.csproj", "{9DD1AED5-BE21-41AF-8AFF-8C574FF83B3F}"
EndProject
Project("{FAE04EC0-301F-11D3-BF4B-00C04F79EFBC}") = "Mohab.Business", "Business.Mohab\Mohab.Business.csproj", "{B8F099BB-6161-4BC5-864D-DF179D4E7821}"
EndProject
Project("{FAE04EC0-301F-11D3-BF4B-00C04F79EFBC}") = "Mohab.DataAcess", "DataAcess.Mohab\Mohab.DataAcess.csproj", "{66694834-0713-42E3-A484-7BC9702EBDCF}"
EndProject
Global
	GlobalSection(SolutionConfigurationPlatforms) = preSolution
		Debug|Any CPU = Debug|Any CPU
		Release|Any CPU = Release|Any CPU
	EndGlobalSection
	GlobalSection(ProjectConfigurationPlatforms) = postSolution
		{9DD1AED5-BE21-41AF-8AFF-8C574FF83B3F}.Debug|Any CPU.ActiveCfg = Debug|Any CPU
		{9DD1AED5-BE21-41AF-8AFF-8C574FF83B3F}.Debug|Any CPU.Build.0 = Debug|Any CPU
		{9DD1AED5-BE21-41AF-8AFF-8C574FF83B3F}.Release|Any CPU.ActiveCfg = Release|Any CPU
		{9DD1AED5-BE21-41AF-8AFF-8C574FF83B3F}.Release|Any CPU.Build.0 = Release|Any CPU
		{B8F099BB-6161-4BC5-864D-DF179D4E7821}.Debug|Any CPU.ActiveCfg = Debug|Any CPU
		{B8F099BB-6161-4BC5-864D-DF179D4E7821}.Debug|Any CPU.Build.0 = Debug|Any CPU
		{B8F099BB-6161-4BC5-864D-DF179D4E7821}.Release|Any CPU.ActiveCfg = Release|Any CPU
		{B8F099BB-6161-4BC5-864D-DF179D4E7821}.Release|Any CPU.Build.0 = Release|Any CPU
		{66694834-0713-42E3-A484-7BC9702EBDCF}.Debug|Any CPU.ActiveCfg = Debug|Any CPU
		{66694834-0713-42E3-A484-7BC9702EBDCF}.Debug|Any CPU.Build.0 = Debug|Any CPU
		{66694834-0713-42E3-A484-7BC9702EBDCF}.Release|Any CPU.ActiveCfg = Release|Any CPU
		{66694834-0713-42E3-A484-7BC9702EBDCF}.Release|Any CPU.Build.0 = Release|Any CPU
	EndGlobalSection
	GlobalSection(SolutionProperties) = preSolution
		HideSolutionNode = FALSE
	EndGlobalSection
EndGlobal
